
Microsoft Visual Studio Solution File, Format Version 12.00
# Visual Studio 15
VisualStudioVersion = 15.0.28307.852
MinimumVisualStudioVersion = 10.0.40219.1
Project("{FAE04EC0-301F-11D3-BF4B-00C04F79EFBC}") = "PROG2070Assign1", "PROG2070Assign1\PROG2070Assign1.csproj", "{0EBC3DAB-EFC0-4736-9D01-32C8BC466DF9}"
EndProject
Project("{FAE04EC0-301F-11D3-BF4B-00C04F79EFBC}") = "PROG2070Assign1.Tests", "PROG2070Assign1.Tests\PROG2070Assign1.Tests.csproj", "{429C6DF4-EE71-420C-9B81-51ECD5BA7A25}"
EndProject
Global
	GlobalSection(SolutionConfigurationPlatforms) = preSolution
		Debug|Any CPU = Debug|Any CPU
		Release|Any CPU = Release|Any CPU
	EndGlobalSection
	GlobalSection(ProjectConfigurationPlatforms) = postSolution
		{0EBC3DAB-EFC0-4736-9D01-32C8BC466DF9}.Debug|Any CPU.ActiveCfg = Debug|Any CPU
		{0EBC3DAB-EFC0-4736-9D01-32C8BC466DF9}.Debug|Any CPU.Build.0 = Debug|Any CPU
		{0EBC3DAB-EFC0-4736-9D01-32C8BC466DF9}.Release|Any CPU.ActiveCfg = Release|Any CPU
		{0EBC3DAB-EFC0-4736-9D01-32C8BC466DF9}.Release|Any CPU.Build.0 = Release|Any CPU
		{429C6DF4-EE71-420C-9B81-51ECD5BA7A25}.Debug|Any CPU.ActiveCfg = Debug|Any CPU
		{429C6DF4-EE71-420C-9B81-51ECD5BA7A25}.Debug|Any CPU.Build.0 = Debug|Any CPU
		{429C6DF4-EE71-420C-9B81-51ECD5BA7A25}.Release|Any CPU.ActiveCfg = Release|Any CPU
		{429C6DF4-EE71-420C-9B81-51ECD5BA7A25}.Release|Any CPU.Build.0 = Release|Any CPU
	EndGlobalSection
	GlobalSection(SolutionProperties) = preSolution
		HideSolutionNode = FALSE
	EndGlobalSection
	GlobalSection(ExtensibilityGlobals) = postSolution
		SolutionGuid = {7F3D3034-0659-4DF9-B137-69EFE45C6549}
	EndGlobalSection
EndGlobal
